
Microsoft Visual Studio Solution File, Format Version 12.00
# Visual Studio Version 17
VisualStudioVersion = 17.0.32126.317
MinimumVisualStudioVersion = 10.0.40219.1
Project("{FAE04EC0-301F-11D3-BF4B-00C04F79EFBC}") = "01_Take_a_Ten_Minutes_Walk", "01_Take_a_Ten_Minutes_Walk\01_Take_a_Ten_Minutes_Walk.csproj", "{2FA20207-4707-427A-849C-89180AB0C915}"
EndProject
Project("{FAE04EC0-301F-11D3-BF4B-00C04F79EFBC}") = "01_Take_a_Ten_Minutes_Walk_Test", "01_Take_a_Ten_Minutes_Walk_Test\01_Take_a_Ten_Minutes_Walk_Test.csproj", "{6CFE5836-C13E-4828-A27D-896DC2D75FA9}"
EndProject
Global
	GlobalSection(SolutionConfigurationPlatforms) = preSolution
		Debug|Any CPU = Debug|Any CPU
		Release|Any CPU = Release|Any CPU
	EndGlobalSection
	GlobalSection(ProjectConfigurationPlatforms) = postSolution
		{2FA20207-4707-427A-849C-89180AB0C915}.Debug|Any CPU.ActiveCfg = Debug|Any CPU
		{2FA20207-4707-427A-849C-89180AB0C915}.Debug|Any CPU.Build.0 = Debug|Any CPU
		{2FA20207-4707-427A-849C-89180AB0C915}.Release|Any CPU.ActiveCfg = Release|Any CPU
		{2FA20207-4707-427A-849C-89180AB0C915}.Release|Any CPU.Build.0 = Release|Any CPU
		{6CFE5836-C13E-4828-A27D-896DC2D75FA9}.Debug|Any CPU.ActiveCfg = Debug|Any CPU
		{6CFE5836-C13E-4828-A27D-896DC2D75FA9}.Debug|Any CPU.Build.0 = Debug|Any CPU
		{6CFE5836-C13E-4828-A27D-896DC2D75FA9}.Release|Any CPU.ActiveCfg = Release|Any CPU
		{6CFE5836-C13E-4828-A27D-896DC2D75FA9}.Release|Any CPU.Build.0 = Release|Any CPU
	EndGlobalSection
	GlobalSection(SolutionProperties) = preSolution
		HideSolutionNode = FALSE
	EndGlobalSection
	GlobalSection(ExtensibilityGlobals) = postSolution
		SolutionGuid = {627226F9-CF08-46F1-8608-2282E3474BFF}
	EndGlobalSection
EndGlobal
